// !$*UTF8*$!
{
	archiveVersion = 1;
	classes = {
	};
	objectVersion = 77;
	objects = {

/* Begin PBXContainerItemProxy section */
		783FDCC72F5082DD00E4DEFF /* PBXContainerItemProxy */ = {
			isa = PBXContainerItemProxy;
			containerPortal = 783FDCB12F5082DC00E4DEFF /* Project object */;
			proxyType = 1;
			remoteGlobalIDString = 783FDCB82F5082DC00E4DEFF;
			remoteInfo = CursorEdgeGuide;
		};
		783FDCD12F5082DD00E4DEFF /* PBXContainerItemProxy */ = {
			isa = PBXContainerItemProxy;
			containerPortal = 783FDCB12F5082DC00E4DEFF /* Project object */;
			proxyType = 1;
			remoteGlobalIDString = 783FDCB82F5082DC00E4DEFF;
			remoteInfo = CursorEdgeGuide;
		};
/* End PBXContainerItemProxy section */

/* Begin PBXFileReference section */
		783FDCB92F5082DC00E4DEFF /* CursorEdgeGuide.app */ = {isa = PBXFileReference; explicitFileType = wrapper.application; includeInIndex = 0; path = CursorEdgeGuide.app; sourceTree = BUILT_PRODUCTS_DIR; };
		783FDCC62F5082DD00E4DEFF /* CursorEdgeGuideTests.xctest */ = {isa = PBXFileReference; explicitFileType = wrapper.cfbundle; includeInIndex = 0; path = CursorEdgeGuideTests.xctest; sourceTree = BUILT_PRODUCTS_DIR; };
		783FDCD02F5082DD00E4DEFF /* CursorEdgeGuideUITests.xctest */ = {isa = PBXFileReference; explicitFileType = wrapper.cfbundle; includeInIndex = 0; path = CursorEdgeGuideUITests.xctest; sourceTree = BUILT_PRODUCTS_DIR; };
/* End PBXFileReference section */

/* Begin PBXFileSystemSynchronizedRootGroup section */
		783FDCBB2F5082DC00E4DEFF /* CursorEdgeGuide */ = {
			isa = PBXFileSystemSynchronizedRootGroup;
			path = CursorEdgeGuide;
			sourceTree = "<group>";
		};
		783FDCC92F5082DD00E4DEFF /* CursorEdgeGuideTests */ = {
			isa = PBXFileSystemSynchronizedRootGroup;
			path = CursorEdgeGuideTests;
			sourceTree = "<group>";
		};
		783FDCD32F5082DD00E4DEFF /* CursorEdgeGuideUITests */ = {
			isa = PBXFileSystemSynchronizedRootGroup;
			path = CursorEdgeGuideUITests;
			sourceTree = "<group>";
		};
/* End PBXFileSystemSynchronizedRootGroup section */

/* Begin PBXFrameworksBuildPhase section */
		783FDCB62F5082DC00E4DEFF /* Frameworks */ = {
			isa = PBXFrameworksBuildPhase;
			buildActionMask = 2147483647;
			files = (
			);
			runOnlyForDeploymentPostprocessing = 0;
		};
		783FDCC32F5082DD00E4DEFF /* Frameworks */ = {
			isa = PBXFrameworksBuildPhase;
			buildActionMask = 2147483647;
			files = (
			);
			runOnlyForDeploymentPostprocessing = 0;
		};
		783FDCCD2F5082DD00E4DEFF /* Frameworks */ = {
			isa = PBXFrameworksBuildPhase;
			buildActionMask = 2147483647;
			files = (
			);
			runOnlyForDeploymentPostprocessing = 0;
		};
/* End PBXFrameworksBuildPhase section */

/* Begin PBXGroup section */
		783FDCB02F5082DC00E4DEFF = {
			isa = PBXGroup;
			children = (
				783FDCBB2F5082DC00E4DEFF /* CursorEdgeGuide */,
				783FDCC92F5082DD00E4DEFF /* CursorEdgeGuideTests */,
				783FDCD32F5082DD00E4DEFF /* CursorEdgeGuideUITests */,
				783FDCBA2F5082DC00E4DEFF /* Products */,
			);
			sourceTree = "<group>";
		};
		783FDCBA2F5082DC00E4DEFF /* Products */ = {
			isa = PBXGroup;
			children = (
				783FDCB92F5082DC00E4DEFF /* CursorEdgeGuide.app */,
				783FDCC62F5082DD00E4DEFF /* CursorEdgeGuideTests.xctest */,
				783FDCD02F5082DD00E4DEFF /* CursorEdgeGuideUITests.xctest */,
			);
			name = Products;
			sourceTree = "<group>";
		};
/* End PBXGroup section */

/* Begin PBXNativeTarget section */
		783FDCB82F5082DC00E4DEFF /* CursorEdgeGuide */ = {
			isa = PBXNativeTarget;
			buildConfigurationList = 783FDCDA2F5082DD00E4DEFF /* Build configuration list for PBXNativeTarget "CursorEdgeGuide" */;
			buildPhases = (
				783FDCB52F5082DC00E4DEFF /* Sources */,
				783FDCB62F5082DC00E4DEFF /* Frameworks */,
				783FDCB72F5082DC00E4DEFF /* Resources */,
			);
			buildRules = (
			);
			dependencies = (
			);
			fileSystemSynchronizedGroups = (
				783FDCBB2F5082DC00E4DEFF /* CursorEdgeGuide */,
			);
			name = CursorEdgeGuide;
			packageProductDependencies = (
			);
			productName = CursorEdgeGuide;
			productReference = 783FDCB92F5082DC00E4DEFF /* CursorEdgeGuide.app */;
			productType = "com.apple.product-type.application";
		};
		783FDCC52F5082DD00E4DEFF /* CursorEdgeGuideTests */ = {
			isa = PBXNativeTarget;
			buildConfigurationList = 783FDCDD2F5082DD00E4DEFF /* Build configuration list for PBXNativeTarget "CursorEdgeGuideTests" */;
			buildPhases = (
				783FDCC22F5082DD00E4DEFF /* Sources */,
				783FDCC32F5082DD00E4DEFF /* Frameworks */,
				783FDCC42F5082DD00E4DEFF /* Resources */,
			);
			buildRules = (
			);
			dependencies = (
				783FDCC82F5082DD00E4DEFF /* PBXTargetDependency */,
			);
			fileSystemSynchronizedGroups = (
				783FDCC92F5082DD00E4DEFF /* CursorEdgeGuideTests */,
			);
			name = CursorEdgeGuideTests;
			packageProductDependencies = (
			);
			productName = CursorEdgeGuideTests;
			productReference = 783FDCC62F5082DD00E4DEFF /* CursorEdgeGuideTests.xctest */;
			productType = "com.apple.product-type.bundle.unit-test";
		};
		783FDCCF2F5082DD00E4DEFF /* CursorEdgeGuideUITests */ = {
			isa = PBXNativeTarget;
			buildConfigurationList = 783FDCE02F5082DD00E4DEFF /* Build configuration list for PBXNativeTarget "CursorEdgeGuideUITests" */;
			buildPhases = (
				783FDCCC2F5082DD00E4DEFF /* Sources */,
				783FDCCD2F5082DD00E4DEFF /* Frameworks */,
				783FDCCE2F5082DD00E4DEFF /* Resources */,
			);
			buildRules = (
			);
			dependencies = (
				783FDCD22F5082DD00E4DEFF /* PBXTargetDependency */,
			);
			fileSystemSynchronizedGroups = (
				783FDCD32F5082DD00E4DEFF /* CursorEdgeGuideUITests */,
			);
			name = CursorEdgeGuideUITests;
			packageProductDependencies = (
			);
			productName = CursorEdgeGuideUITests;
			productReference = 783FDCD02F5082DD00E4DEFF /* CursorEdgeGuideUITests.xctest */;
			productType = "com.apple.product-type.bundle.ui-testing";
		};
/* End PBXNativeTarget section */

/* Begin PBXProject section */
		783FDCB12F5082DC00E4DEFF /* Project object */ = {
			isa = PBXProject;
			attributes = {
				BuildIndependentTargetsInParallel = 1;
				LastSwiftUpdateCheck = 2620;
				LastUpgradeCheck = 2620;
				TargetAttributes = {
					783FDCB82F5082DC00E4DEFF = {
						CreatedOnToolsVersion = 26.2;
					};
					783FDCC52F5082DD00E4DEFF = {
						CreatedOnToolsVersion = 26.2;
						TestTargetID = 783FDCB82F5082DC00E4DEFF;
					};
					783FDCCF2F5082DD00E4DEFF = {
						CreatedOnToolsVersion = 26.2;
						TestTargetID = 783FDCB82F5082DC00E4DEFF;
					};
				};
			};
			buildConfigurationList = 783FDCB42F5082DC00E4DEFF /* Build configuration list for PBXProject "CursorEdgeGuide" */;
			developmentRegion = en;
			hasScannedForEncodings = 0;
			knownRegions = (
				en,
				Base,
			);
			mainGroup = 783FDCB02F5082DC00E4DEFF;
			minimizedProjectReferenceProxies = 1;
			preferredProjectObjectVersion = 77;
			productRefGroup = 783FDCBA2F5082DC00E4DEFF /* Products */;
			projectDirPath = "";
			projectRoot = "";
			targets = (
				783FDCB82F5082DC00E4DEFF /* CursorEdgeGuide */,
				783FDCC52F5082DD00E4DEFF /* CursorEdgeGuideTests */,
				783FDCCF2F5082DD00E4DEFF /* CursorEdgeGuideUITests */,
			);
		};
/* End PBXProject section */

/* Begin PBXResourcesBuildPhase section */
		783FDCB72F5082DC00E4DEFF /* Resources */ = {
			isa = PBXResourcesBuildPhase;
			buildActionMask = 2147483647;
			files = (
			);
			runOnlyForDeploymentPostprocessing = 0;
		};
		783FDCC42F5082DD00E4DEFF /* Resources */ = {
			isa = PBXResourcesBuildPhase;
			buildActionMask = 2147483647;
			files = (
			);
			runOnlyForDeploymentPostprocessing = 0;
		};
		783FDCCE2F5082DD00E4DEFF /* Resources */ = {
			isa = PBXResourcesBuildPhase;
			buildActionMask = 2147483647;
			files = (
			);
			runOnlyForDeploymentPostprocessing = 0;
		};
/* End PBXResourcesBuildPhase section */

/* Begin PBXSourcesBuildPhase section */
		783FDCB52F5082DC00E4DEFF /* Sources */ = {
			isa = PBXSourcesBuildPhase;
			buildActionMask = 2147483647;
			files = (
			);
			runOnlyForDeploymentPostprocessing = 0;
		};
		783FDCC22F5082DD00E4DEFF /* Sources */ = {
			isa = PBXSourcesBuildPhase;
			buildActionMask = 2147483647;
			files = (
			);
			runOnlyForDeploymentPostprocessing = 0;
		};
		783FDCCC2F5082DD00E4DEFF /* Sources */ = {
			isa = PBXSourcesBuildPhase;
			buildActionMask = 2147483647;
			files = (
			);
			runOnlyForDeploymentPostprocessing = 0;
		};
/* End PBXSourcesBuildPhase section */

/* Begin PBXTargetDependency section */
		783FDCC82F5082DD00E4DEFF /* PBXTargetDependency */ = {
			isa = PBXTargetDependency;
			target = 783FDCB82F5082DC00E4DEFF /* CursorEdgeGuide */;
			targetProxy = 783FDCC72F5082DD00E4DEFF /* PBXContainerItemProxy */;
		};
		783FDCD22F5082DD00E4DEFF /* PBXTargetDependency */ = {
			isa = PBXTargetDependency;
			target = 783FDCB82F5082DC00E4DEFF /* CursorEdgeGuide */;
			targetProxy = 783FDCD12F5082DD00E4DEFF /* PBXContainerItemProxy */;
		};
/* End PBXTargetDependency section */

/* Begin XCBuildConfiguration section */
		783FDCD82F5082DD00E4DEFF /* Debug */ = {
			isa = XCBuildConfiguration;
			buildSettings = {
				ALWAYS_SEARCH_USER_PATHS = NO;
				ASSETCATALOG_COMPILER_GENERATE_SWIFT_ASSET_SYMBOL_EXTENSIONS = YES;
				CLANG_ANALYZER_NONNULL = YES;
				CLANG_ANALYZER_NUMBER_OBJECT_CONVERSION = YES_AGGRESSIVE;
				CLANG_CXX_LANGUAGE_STANDARD = "gnu++20";
				CLANG_ENABLE_MODULES = YES;
				CLANG_ENABLE_OBJC_ARC = YES;
				CLANG_ENABLE_OBJC_WEAK = YES;
				CLANG_WARN_BLOCK_CAPTURE_AUTORELEASING = YES;
				CLANG_WARN_BOOL_CONVERSION = YES;
				CLANG_WARN_COMMA = YES;
				CLANG_WARN_CONSTANT_CONVERSION = YES;
				CLANG_WARN_DEPRECATED_OBJC_IMPLEMENTATIONS = YES;
				CLANG_WARN_DIRECT_OBJC_ISA_USAGE = YES_ERROR;
				CLANG_WARN_DOCUMENTATION_COMMENTS = YES;
				CLANG_WARN_EMPTY_BODY = YES;
				CLANG_WARN_ENUM_CONVERSION = YES;
				CLANG_WARN_INFINITE_RECURSION = YES;
				CLANG_WARN_INT_CONVERSION = YES;
				CLANG_WARN_NON_LITERAL_NULL_CONVERSION = YES;
				CLANG_WARN_OBJC_IMPLICIT_RETAIN_SELF = YES;
				CLANG_WARN_OBJC_LITERAL_CONVERSION = YES;
				CLANG_WARN_OBJC_ROOT_CLASS = YES_ERROR;
				CLANG_WARN_QUOTED_INCLUDE_IN_FRAMEWORK_HEADER = YES;
				CLANG_WARN_RANGE_LOOP_ANALYSIS = YES;
				CLANG_WARN_STRICT_PROTOTYPES = YES;
				CLANG_WARN_SUSPICIOUS_MOVE = YES;
				CLANG_WARN_UNGUARDED_AVAILABILITY = YES_AGGRESSIVE;
				CLANG_WARN_UNREACHABLE_CODE = YES;
				CLANG_WARN__DUPLICATE_METHOD_MATCH = YES;
				COPY_PHASE_STRIP = NO;
				DEBUG_INFORMATION_FORMAT = dwarf;
				ENABLE_STRICT_OBJC_MSGSEND = YES;
				ENABLE_TESTABILITY = YES;
				ENABLE_USER_SCRIPT_SANDBOXING = YES;
				GCC_C_LANGUAGE_STANDARD = gnu17;
				GCC_DYNAMIC_NO_PIC = NO;
				GCC_NO_COMMON_BLOCKS = YES;
				GCC_OPTIMIZATION_LEVEL = 0;
				GCC_PREPROCESSOR_DEFINITIONS = (
					"DEBUG=1",
					"$(inherited)",
				);
				GCC_WARN_64_TO_32_BIT_CONVERSION = YES;
				GCC_WARN_ABOUT_RETURN_TYPE = YES_ERROR;
				GCC_WARN_UNDECLARED_SELECTOR = YES;
				GCC_WARN_UNINITIALIZED_AUTOS = YES_AGGRESSIVE;
				GCC_WARN_UNUSED_FUNCTION = YES;
				GCC_WARN_UNUSED_VARIABLE = YES;
				LOCALIZATION_PREFERS_STRING_CATALOGS = YES;
				MACOSX_DEPLOYMENT_TARGET = 26.0;
				MTL_ENABLE_DEBUG_INFO = INCLUDE_SOURCE;
				MTL_FAST_MATH = YES;
				ONLY_ACTIVE_ARCH = YES;
				SDKROOT = macosx;
				SWIFT_ACTIVE_COMPILATION_CONDITIONS = "DEBUG $(inherited)";
				SWIFT_OPTIMIZATION_LEVEL = "-Onone";
			};
			name = Debug;
		};
		783FDCD92F5082DD00E4DEFF /* Release */ = {
			isa = XCBuildConfiguration;
			buildSettings = {
				ALWAYS_SEARCH_USER_PATHS = NO;
				ASSETCATALOG_COMPILER_GENERATE_SWIFT_ASSET_SYMBOL_EXTENSIONS = YES;
				CLANG_ANALYZER_NONNULL = YES;
				CLANG_ANALYZER_NUMBER_OBJECT_CONVERSION = YES_AGGRESSIVE;
				CLANG_CXX_LANGUAGE_STANDARD = "gnu++20";
				CLANG_ENABLE_MODULES = YES;
				CLANG_ENABLE_OBJC_ARC = YES;
				CLANG_ENABLE_OBJC_WEAK = YES;
				CLANG_WARN_BLOCK_CAPTURE_AUTORELEASING = YES;
				CLANG_WARN_BOOL_CONVERSION = YES;
				CLANG_WARN_COMMA = YES;
				CLANG_WARN_CONSTANT_CONVERSION = YES;
				CLANG_WARN_DEPRECATED_OBJC_IMPLEMENTATIONS = YES;
				CLANG_WARN_DIRECT_OBJC_ISA_USAGE = YES_ERROR;
				CLANG_WARN_DOCUMENTATION_COMMENTS = YES;
				CLANG_WARN_EMPTY_BODY = YES;
				CLANG_WARN_ENUM_CONVERSION = YES;
				CLANG_WARN_INFINITE_RECURSION = YES;
				CLANG_WARN_INT_CONVERSION = YES;
				CLANG_WARN_NON_LITERAL_NULL_CONVERSION = YES;
				CLANG_WARN_OBJC_IMPLICIT_RETAIN_SELF = YES;
				CLANG_WARN_OBJC_LITERAL_CONVERSION = YES;
				CLANG_WARN_OBJC_ROOT_CLASS = YES_ERROR;
				CLANG_WARN_QUOTED_INCLUDE_IN_FRAMEWORK_HEADER = YES;
				CLANG_WARN_RANGE_LOOP_ANALYSIS = YES;
				CLANG_WARN_STRICT_PROTOTYPES = YES;
				CLANG_WARN_SUSPICIOUS_MOVE = YES;
				CLANG_WARN_UNGUARDED_AVAILABILITY = YES_AGGRESSIVE;
				CLANG_WARN_UNREACHABLE_CODE = YES;
				CLANG_WARN__DUPLICATE_METHOD_MATCH = YES;
				COPY_PHASE_STRIP = NO;
				DEBUG_INFORMATION_FORMAT = "dwarf-with-dsym";
				ENABLE_NS_ASSERTIONS = NO;
				ENABLE_STRICT_OBJC_MSGSEND = YES;
				ENABLE_USER_SCRIPT_SANDBOXING = YES;
				GCC_C_LANGUAGE_STANDARD = gnu17;
				GCC_NO_COMMON_BLOCKS = YES;
				GCC_WARN_64_TO_32_BIT_CONVERSION = YES;
				GCC_WARN_ABOUT_RETURN_TYPE = YES_ERROR;
				GCC_WARN_UNDECLARED_SELECTOR = YES;
				GCC_WARN_UNINITIALIZED_AUTOS = YES_AGGRESSIVE;
				GCC_WARN_UNUSED_FUNCTION = YES;
				GCC_WARN_UNUSED_VARIABLE = YES;
				LOCALIZATION_PREFERS_STRING_CATALOGS = YES;
				MACOSX_DEPLOYMENT_TARGET = 26.0;
				MTL_ENABLE_DEBUG_INFO = NO;
				MTL_FAST_MATH = YES;
				SDKROOT = macosx;
				SWIFT_COMPILATION_MODE = wholemodule;
			};
			name = Release;
		};
		783FDCDB2F5082DD00E4DEFF /* Debug */ = {
			isa = XCBuildConfiguration;
			buildSettings = {
				ASSETCATALOG_COMPILER_APPICON_NAME = AppIcon;
				ASSETCATALOG_COMPILER_GLOBAL_ACCENT_COLOR_NAME = AccentColor;
				CODE_SIGN_STYLE = Automatic;
				COMBINE_HIDPI_IMAGES = YES;
				CURRENT_PROJECT_VERSION = 1;
				ENABLE_APP_SANDBOX = YES;
				ENABLE_PREVIEWS = YES;
				ENABLE_USER_SELECTED_FILES = readonly;
				GENERATE_INFOPLIST_FILE = YES;
				INFOPLIST_KEY_NSHumanReadableCopyright = "";
				LD_RUNPATH_SEARCH_PATHS = (
					"$(inherited)",
					"@executable_path/../Frameworks",
				);
				MARKETING_VERSION = 1.0;
				PRODUCT_BUNDLE_IDENTIFIER = net.cyberplatoon.CursorEdgeGuide;
				PRODUCT_NAME = "$(TARGET_NAME)";
				REGISTER_APP_GROUPS = YES;
				STRING_CATALOG_GENERATE_SYMBOLS = YES;
				SWIFT_APPROACHABLE_CONCURRENCY = YES;
				SWIFT_DEFAULT_ACTOR_ISOLATION = MainActor;
				SWIFT_EMIT_LOC_STRINGS = YES;
				SWIFT_UPCOMING_FEATURE_MEMBER_IMPORT_VISIBILITY = YES;
				SWIFT_VERSION = 5.0;
			};
			name = Debug;
		};
		783FDCDC2F5082DD00E4DEFF /* Release */ = {
			isa = XCBuildConfiguration;
			buildSettings = {
				ASSETCATALOG_COMPILER_APPICON_NAME = AppIcon;
				ASSETCATALOG_COMPILER_GLOBAL_ACCENT_COLOR_NAME = AccentColor;
				CODE_SIGN_STYLE = Automatic;
				COMBINE_HIDPI_IMAGES = YES;
				CURRENT_PROJECT_VERSION = 1;
				ENABLE_APP_SANDBOX = YES;
				ENABLE_PREVIEWS = YES;
				ENABLE_USER_SELECTED_FILES = readonly;
				GENERATE_INFOPLIST_FILE = YES;
				INFOPLIST_KEY_NSHumanReadableCopyright = "";
				LD_RUNPATH_SEARCH_PATHS = (
					"$(inherited)",
					"@executable_path/../Frameworks",
				);
				MARKETING_VERSION = 1.0;
				PRODUCT_BUNDLE_IDENTIFIER = net.cyberplatoon.CursorEdgeGuide;
				PRODUCT_NAME = "$(TARGET_NAME)";
				REGISTER_APP_GROUPS = YES;
				STRING_CATALOG_GENERATE_SYMBOLS = YES;
				SWIFT_APPROACHABLE_CONCURRENCY = YES;
				SWIFT_DEFAULT_ACTOR_ISOLATION = MainActor;
				SWIFT_EMIT_LOC_STRINGS = YES;
				SWIFT_UPCOMING_FEATURE_MEMBER_IMPORT_VISIBILITY = YES;
				SWIFT_VERSION = 5.0;
			};
			name = Release;
		};
		783FDCDE2F5082DD00E4DEFF /* Debug */ = {
			isa = XCBuildConfiguration;
			buildSettings = {
				BUNDLE_LOADER = "$(TEST_HOST)";
				CODE_SIGN_STYLE = Automatic;
				CURRENT_PROJECT_VERSION = 1;
				GENERATE_INFOPLIST_FILE = YES;
				MACOSX_DEPLOYMENT_TARGET = 26.0;
				MARKETING_VERSION = 1.0;
				PRODUCT_BUNDLE_IDENTIFIER = net.cyberplatoon.CursorEdgeGuideTests;
				PRODUCT_NAME = "$(TARGET_NAME)";
				STRING_CATALOG_GENERATE_SYMBOLS = NO;
				SWIFT_APPROACHABLE_CONCURRENCY = YES;
				SWIFT_EMIT_LOC_STRINGS = NO;
				SWIFT_UPCOMING_FEATURE_MEMBER_IMPORT_VISIBILITY = YES;
				SWIFT_VERSION = 5.0;
				TEST_HOST = "$(BUILT_PRODUCTS_DIR)/CursorEdgeGuide.app/$(BUNDLE_EXECUTABLE_FOLDER_PATH)/CursorEdgeGuide";
			};
			name = Debug;
		};
		783FDCDF2F5082DD00E4DEFF /* Release */ = {
			isa = XCBuildConfiguration;
			buildSettings = {
				BUNDLE_LOADER = "$(TEST_HOST)";
				CODE_SIGN_STYLE = Automatic;
				CURRENT_PROJECT_VERSION = 1;
				GENERATE_INFOPLIST_FILE = YES;
				MACOSX_DEPLOYMENT_TARGET = 26.0;
				MARKETING_VERSION = 1.0;
				PRODUCT_BUNDLE_IDENTIFIER = net.cyberplatoon.CursorEdgeGuideTests;
				PRODUCT_NAME = "$(TARGET_NAME)";
				STRING_CATALOG_GENERATE_SYMBOLS = NO;
				SWIFT_APPROACHABLE_CONCURRENCY = YES;
				SWIFT_EMIT_LOC_STRINGS = NO;
				SWIFT_UPCOMING_FEATURE_MEMBER_IMPORT_VISIBILITY = YES;
				SWIFT_VERSION = 5.0;
				TEST_HOST = "$(BUILT_PRODUCTS_DIR)/CursorEdgeGuide.app/$(BUNDLE_EXECUTABLE_FOLDER_PATH)/CursorEdgeGuide";
			};
			name = Release;
		};
		783FDCE12F5082DD00E4DEFF /* Debug */ = {
			isa = XCBuildConfiguration;
			buildSettings = {
				CODE_SIGN_STYLE = Automatic;
				CURRENT_PROJECT_VERSION = 1;
				GENERATE_INFOPLIST_FILE = YES;
				MARKETING_VERSION = 1.0;
				PRODUCT_BUNDLE_IDENTIFIER = net.cyberplatoon.CursorEdgeGuideUITests;
				PRODUCT_NAME = "$(TARGET_NAME)";
				STRING_CATALOG_GENERATE_SYMBOLS = NO;
				SWIFT_APPROACHABLE_CONCURRENCY = YES;
				SWIFT_EMIT_LOC_STRINGS = NO;
				SWIFT_UPCOMING_FEATURE_MEMBER_IMPORT_VISIBILITY = YES;
				SWIFT_VERSION = 5.0;
				TEST_TARGET_NAME = CursorEdgeGuide;
			};
			name = Debug;
		};
		783FDCE22F5082DD00E4DEFF /* Release */ = {
			isa = XCBuildConfiguration;
			buildSettings = {
				CODE_SIGN_STYLE = Automatic;
				CURRENT_PROJECT_VERSION = 1;
				GENERATE_INFOPLIST_FILE = YES;
				MARKETING_VERSION = 1.0;
				PRODUCT_BUNDLE_IDENTIFIER = net.cyberplatoon.CursorEdgeGuideUITests;
				PRODUCT_NAME = "$(TARGET_NAME)";
				STRING_CATALOG_GENERATE_SYMBOLS = NO;
				SWIFT_APPROACHABLE_CONCURRENCY = YES;
				SWIFT_EMIT_LOC_STRINGS = NO;
				SWIFT_UPCOMING_FEATURE_MEMBER_IMPORT_VISIBILITY = YES;
				SWIFT_VERSION = 5.0;
				TEST_TARGET_NAME = CursorEdgeGuide;
			};
			name = Release;
		};
/* End XCBuildConfiguration section */

/* Begin XCConfigurationList section */
		783FDCB42F5082DC00E4DEFF /* Build configuration list for PBXProject "CursorEdgeGuide" */ = {
			isa = XCConfigurationList;
			buildConfigurations = (
				783FDCD82F5082DD00E4DEFF /* Debug */,
				783FDCD92F5082DD00E4DEFF /* Release */,
			);
			defaultConfigurationIsVisible = 0;
			defaultConfigurationName = Release;
		};
		783FDCDA2F5082DD00E4DEFF /* Build configuration list for PBXNativeTarget "CursorEdgeGuide" */ = {
			isa = XCConfigurationList;
			buildConfigurations = (
				783FDCDB2F5082DD00E4DEFF /* Debug */,
				783FDCDC2F5082DD00E4DEFF /* Release */,
			);
			defaultConfigurationIsVisible = 0;
			defaultConfigurationName = Release;
		};
		783FDCDD2F5082DD00E4DEFF /* Build configuration list for PBXNativeTarget "CursorEdgeGuideTests" */ = {
			isa = XCConfigurationList;
			buildConfigurations = (
				783FDCDE2F5082DD00E4DEFF /* Debug */,
				783FDCDF2F5082DD00E4DEFF /* Release */,
			);
			defaultConfigurationIsVisible = 0;
			defaultConfigurationName = Release;
		};
		783FDCE02F5082DD00E4DEFF /* Build configuration list for PBXNativeTarget "CursorEdgeGuideUITests" */ = {
			isa = XCConfigurationList;
			buildConfigurations = (
				783FDCE12F5082DD00E4DEFF /* Debug */,
				783FDCE22F5082DD00E4DEFF /* Release */,
			);
			defaultConfigurationIsVisible = 0;
			defaultConfigurationName = Release;
		};
/* End XCConfigurationList section */
	};
	rootObject = 783FDCB12F5082DC00E4DEFF /* Project object */;
}
